
Microsoft Visual Studio Solution File, Format Version 12.00
# Visual Studio Version 17
VisualStudioVersion = 17.11.35208.52
MinimumVisualStudioVersion = 10.0.40219.1
Project("{FAE04EC0-301F-11D3-BF4B-00C04F79EFBC}") = "Category_Task1", "Category_Task1\Category_Task1.csproj", "{B3E8C68B-BC1D-4F9C-9A8D-93A12A05772C}"
EndProject
Global
	GlobalSection(SolutionConfigurationPlatforms) = preSolution
		Debug|Any CPU = Debug|Any CPU
		Release|Any CPU = Release|Any CPU
	EndGlobalSection
	GlobalSection(ProjectConfigurationPlatforms) = postSolution
		{B3E8C68B-BC1D-4F9C-9A8D-93A12A05772C}.Debug|Any CPU.ActiveCfg = Debug|Any CPU
		{B3E8C68B-BC1D-4F9C-9A8D-93A12A05772C}.Debug|Any CPU.Build.0 = Debug|Any CPU
		{B3E8C68B-BC1D-4F9C-9A8D-93A12A05772C}.Release|Any CPU.ActiveCfg = Release|Any CPU
		{B3E8C68B-BC1D-4F9C-9A8D-93A12A05772C}.Release|Any CPU.Build.0 = Release|Any CPU
	EndGlobalSection
	GlobalSection(SolutionProperties) = preSolution
		HideSolutionNode = FALSE
	EndGlobalSection
	GlobalSection(ExtensibilityGlobals) = postSolution
		SolutionGuid = {FF9241E2-10B0-437B-860B-DB448F85CD82}
	EndGlobalSection
EndGlobal
